{"pid":26504,"workspaceFolders":["e:\\rustbot-main\\rustbot-main","e:\\Analyticsplatform-main","e:\\Analyticsplatform#","e:\\Analyticsplatform","e:\\rust","e:\\vsense","e:\\NEWRSS"],"ideName":"Visual Studio Code","transport":"ws","runningInWindows":true,"authToken":"21b622cf-d8b9-49ad-b51a-335f63840127"}